
Microsoft Visual Studio Solution File, Format Version 12.00
# Visual Studio Version 17
VisualStudioVersion = 17.14.36717.8 d17.14
MinimumVisualStudioVersion = 10.0.40219.1
Project("{FAE04EC0-301F-11D3-BF4B-00C04F79EFBC}") = "AutoLotDAL", "AutoLotDAL.csproj", "{8B61EFD6-8A65-4E27-BB03-72CA31E8CE05}"
EndProject
Global
	GlobalSection(SolutionConfigurationPlatforms) = preSolution
		Debug|Any CPU = Debug|Any CPU
		Release|Any CPU = Release|Any CPU
	EndGlobalSection
	GlobalSection(ProjectConfigurationPlatforms) = postSolution
		{8B61EFD6-8A65-4E27-BB03-72CA31E8CE05}.Debug|Any CPU.ActiveCfg = Debug|Any CPU
		{8B61EFD6-8A65-4E27-BB03-72CA31E8CE05}.Debug|Any CPU.Build.0 = Debug|Any CPU
		{8B61EFD6-8A65-4E27-BB03-72CA31E8CE05}.Release|Any CPU.ActiveCfg = Release|Any CPU
		{8B61EFD6-8A65-4E27-BB03-72CA31E8CE05}.Release|Any CPU.Build.0 = Release|Any CPU
	EndGlobalSection
	GlobalSection(SolutionProperties) = preSolution
		HideSolutionNode = FALSE
	EndGlobalSection
	GlobalSection(ExtensibilityGlobals) = postSolution
		SolutionGuid = {3A9A0BF0-BF1A-43D4-AEF3-C6216C6BB1EC}
	EndGlobalSection
EndGlobal
